// !$*UTF8*$!
{
	archiveVersion = 1;
	classes = {
	};
	objectVersion = 50;
	objects = {

/* Begin PBXBuildFile section */
		1B8CAE119A781F2C4B007302 /* Pods_taxi_sharingTests.framework in Frameworks */ = {isa = PBXBuildFile; fileRef = B1920934CDA32386E036AEF8 /* Pods_taxi_sharingTests.framework */; };
		429632BADE9767F11D073222 /* Pods_taxi_sharing.framework in Frameworks */ = {isa = PBXBuildFile; fileRef = D58DD8C0433079FF64CB52AF /* Pods_taxi_sharing.framework */; };
		640FA5DB2212D66B00FE99E6 /* AppDelegate.swift in Sources */ = {isa = PBXBuildFile; fileRef = 640FA5DA2212D66B00FE99E6 /* AppDelegate.swift */; };
		640FA5DD2212D66B00FE99E6 /* RoomListViewController.swift in Sources */ = {isa = PBXBuildFile; fileRef = 640FA5DC2212D66B00FE99E6 /* RoomListViewController.swift */; };
		640FA5E22212D66B00FE99E6 /* Main.storyboard in Resources */ = {isa = PBXBuildFile; fileRef = 640FA5E02212D66B00FE99E6 /* Main.storyboard */; };
		640FA5E42212D66C00FE99E6 /* Assets.xcassets in Resources */ = {isa = PBXBuildFile; fileRef = 640FA5E32212D66C00FE99E6 /* Assets.xcassets */; };
		640FA5E72212D66C00FE99E6 /* LaunchScreen.storyboard in Resources */ = {isa = PBXBuildFile; fileRef = 640FA5E52212D66C00FE99E6 /* LaunchScreen.storyboard */; };
		640FA5F22212D66C00FE99E6 /* taxi_sharingTests.swift in Sources */ = {isa = PBXBuildFile; fileRef = 640FA5F12212D66C00FE99E6 /* taxi_sharingTests.swift */; };
		640FA5FD2212D66C00FE99E6 /* taxi_sharingUITests.swift in Sources */ = {isa = PBXBuildFile; fileRef = 640FA5FC2212D66C00FE99E6 /* taxi_sharingUITests.swift */; };
		64249C732233709000D258F8 /* KakaoOpenSDK.framework in Frameworks */ = {isa = PBXBuildFile; fileRef = 64249C722233709000D258F8 /* KakaoOpenSDK.framework */; };
		645B229A223BCB7A00F90412 /* LoginViewController.swift in Sources */ = {isa = PBXBuildFile; fileRef = 645B2299223BCB7A00F90412 /* LoginViewController.swift */; };
		645B22A2223BD20900F90412 /* GoogleService-Info.plist in Resources */ = {isa = PBXBuildFile; fileRef = 645B22A1223BD20900F90412 /* GoogleService-Info.plist */; };
		645B22A3223BD20900F90412 /* GoogleService-Info.plist in Resources */ = {isa = PBXBuildFile; fileRef = 645B22A1223BD20900F90412 /* GoogleService-Info.plist */; };
		645B22A4223BD20900F90412 /* GoogleService-Info.plist in Resources */ = {isa = PBXBuildFile; fileRef = 645B22A1223BD20900F90412 /* GoogleService-Info.plist */; };
		645B22A8223E5E7800F90412 /* Utils.swift in Sources */ = {isa = PBXBuildFile; fileRef = 645B22A7223E5E7800F90412 /* Utils.swift */; };
		648157CF224511CB008111EF /* AskGenderViewController.swift in Sources */ = {isa = PBXBuildFile; fileRef = 648157CE224511CB008111EF /* AskGenderViewController.swift */; };
		64CCDECA22446A4D002ECD04 /* FirestoreManager.swift in Sources */ = {isa = PBXBuildFile; fileRef = 64CCDEC922446A4D002ECD04 /* FirestoreManager.swift */; };
		64E5BED42245E00500A07BA7 /* SetNicknameViewController.swift in Sources */ = {isa = PBXBuildFile; fileRef = 64E5BED32245E00500A07BA7 /* SetNicknameViewController.swift */; };
		64F5208E22428B3100FB0369 /* UserDistinguishViewController.swift in Sources */ = {isa = PBXBuildFile; fileRef = 64F5208D22428B3100FB0369 /* UserDistinguishViewController.swift */; };
		C4D745E6FAEF6BA2903E6972 /* Pods_taxi_sharingUITests.framework in Frameworks */ = {isa = PBXBuildFile; fileRef = 8F24BAB8AC7CA8436E8A523E /* Pods_taxi_sharingUITests.framework */; };
/* End PBXBuildFile section */

/* Begin PBXContainerItemProxy section */
		640FA5EE2212D66C00FE99E6 /* PBXContainerItemProxy */ = {
			isa = PBXContainerItemProxy;
			containerPortal = 640FA5CF2212D66B00FE99E6 /* Project object */;
			proxyType = 1;
			remoteGlobalIDString = 640FA5D62212D66B00FE99E6;
			remoteInfo = "taxi-sharing";
		};
		640FA5F92212D66C00FE99E6 /* PBXContainerItemProxy */ = {
			isa = PBXContainerItemProxy;
			containerPortal = 640FA5CF2212D66B00FE99E6 /* Project object */;
			proxyType = 1;
			remoteGlobalIDString = 640FA5D62212D66B00FE99E6;
			remoteInfo = "taxi-sharing";
		};
/* End PBXContainerItemProxy section */

/* Begin PBXFileReference section */
		1D8F8CB4E1C569E49565EC73 /* Pods-taxi-sharing.debug.xcconfig */ = {isa = PBXFileReference; includeInIndex = 1; lastKnownFileType = text.xcconfig; name = "Pods-taxi-sharing.debug.xcconfig"; path = "Target Support Files/Pods-taxi-sharing/Pods-taxi-sharing.debug.xcconfig"; sourceTree = "<group>"; };
		640FA5D72212D66B00FE99E6 /* taxi-sharing.app */ = {isa = PBXFileReference; explicitFileType = wrapper.application; includeInIndex = 0; path = "taxi-sharing.app"; sourceTree = BUILT_PRODUCTS_DIR; };
		640FA5DA2212D66B00FE99E6 /* AppDelegate.swift */ = {isa = PBXFileReference; lastKnownFileType = sourcecode.swift; path = AppDelegate.swift; sourceTree = "<group>"; };
		640FA5DC2212D66B00FE99E6 /* RoomListViewController.swift */ = {isa = PBXFileReference; lastKnownFileType = sourcecode.swift; path = RoomListViewController.swift; sourceTree = "<group>"; };
		640FA5E12212D66B00FE99E6 /* Base */ = {isa = PBXFileReference; lastKnownFileType = file.storyboard; name = Base; path = Base.lproj/Main.storyboard; sourceTree = "<group>"; };
		640FA5E32212D66C00FE99E6 /* Assets.xcassets */ = {isa = PBXFileReference; lastKnownFileType = folder.assetcatalog; path = Assets.xcassets; sourceTree = "<group>"; };
		640FA5E62212D66C00FE99E6 /* Base */ = {isa = PBXFileReference; lastKnownFileType = file.storyboard; name = Base; path = Base.lproj/LaunchScreen.storyboard; sourceTree = "<group>"; };
		640FA5E82212D66C00FE99E6 /* Info.plist */ = {isa = PBXFileReference; lastKnownFileType = text.plist.xml; path = Info.plist; sourceTree = "<group>"; };
		640FA5ED2212D66C00FE99E6 /* taxi-sharingTests.xctest */ = {isa = PBXFileReference; explicitFileType = wrapper.cfbundle; includeInIndex = 0; path = "taxi-sharingTests.xctest"; sourceTree = BUILT_PRODUCTS_DIR; };
		640FA5F12212D66C00FE99E6 /* taxi_sharingTests.swift */ = {isa = PBXFileReference; lastKnownFileType = sourcecode.swift; path = taxi_sharingTests.swift; sourceTree = "<group>"; };
		640FA5F32212D66C00FE99E6 /* Info.plist */ = {isa = PBXFileReference; lastKnownFileType = text.plist.xml; path = Info.plist; sourceTree = "<group>"; };
		640FA5F82212D66C00FE99E6 /* taxi-sharingUITests.xctest */ = {isa = PBXFileReference; explicitFileType = wrapper.cfbundle; includeInIndex = 0; path = "taxi-sharingUITests.xctest"; sourceTree = BUILT_PRODUCTS_DIR; };
		640FA5FC2212D66C00FE99E6 /* taxi_sharingUITests.swift */ = {isa = PBXFileReference; lastKnownFileType = sourcecode.swift; path = taxi_sharingUITests.swift; sourceTree = "<group>"; };
		640FA5FE2212D66C00FE99E6 /* Info.plist */ = {isa = PBXFileReference; lastKnownFileType = text.plist.xml; path = Info.plist; sourceTree = "<group>"; };
		64249C722233709000D258F8 /* KakaoOpenSDK.framework */ = {isa = PBXFileReference; lastKnownFileType = wrapper.framework; name = KakaoOpenSDK.framework; path = "kakao-ios-sdk-1.11.2/KakaoOpenSDK.framework"; sourceTree = "<group>"; };
		64249C75223374CC00D258F8 /* KakaoOpenSDK-Bridging-Header.h */ = {isa = PBXFileReference; lastKnownFileType = sourcecode.c.h; path = "KakaoOpenSDK-Bridging-Header.h"; sourceTree = "<group>"; };
		645B2299223BCB7A00F90412 /* LoginViewController.swift */ = {isa = PBXFileReference; lastKnownFileType = sourcecode.swift; path = LoginViewController.swift; sourceTree = "<group>"; };
		645B22A1223BD20900F90412 /* GoogleService-Info.plist */ = {isa = PBXFileReference; fileEncoding = 4; lastKnownFileType = text.plist.xml; path = "GoogleService-Info.plist"; sourceTree = SOURCE_ROOT; };
		645B22A7223E5E7800F90412 /* Utils.swift */ = {isa = PBXFileReference; lastKnownFileType = sourcecode.swift; path = Utils.swift; sourceTree = "<group>"; };
		648157CE224511CB008111EF /* AskGenderViewController.swift */ = {isa = PBXFileReference; lastKnownFileType = sourcecode.swift; path = AskGenderViewController.swift; sourceTree = "<group>"; };
		64CCDEC922446A4D002ECD04 /* FirestoreManager.swift */ = {isa = PBXFileReference; lastKnownFileType = sourcecode.swift; path = FirestoreManager.swift; sourceTree = "<group>"; };
		64E5BED32245E00500A07BA7 /* SetNicknameViewController.swift */ = {isa = PBXFileReference; lastKnownFileType = sourcecode.swift; path = SetNicknameViewController.swift; sourceTree = "<group>"; };
		64F5208D22428B3100FB0369 /* UserDistinguishViewController.swift */ = {isa = PBXFileReference; lastKnownFileType = sourcecode.swift; path = UserDistinguishViewController.swift; sourceTree = "<group>"; };
		8464819401C37FF01FEF2B66 /* Pods-taxi-sharingTests.release.xcconfig */ = {isa = PBXFileReference; includeInIndex = 1; lastKnownFileType = text.xcconfig; name = "Pods-taxi-sharingTests.release.xcconfig"; path = "Target Support Files/Pods-taxi-sharingTests/Pods-taxi-sharingTests.release.xcconfig"; sourceTree = "<group>"; };
		8F24BAB8AC7CA8436E8A523E /* Pods_taxi_sharingUITests.framework */ = {isa = PBXFileReference; explicitFileType = wrapper.framework; includeInIndex = 0; path = Pods_taxi_sharingUITests.framework; sourceTree = BUILT_PRODUCTS_DIR; };
		B1920934CDA32386E036AEF8 /* Pods_taxi_sharingTests.framework */ = {isa = PBXFileReference; explicitFileType = wrapper.framework; includeInIndex = 0; path = Pods_taxi_sharingTests.framework; sourceTree = BUILT_PRODUCTS_DIR; };
		BF6CFBD6858E5D9A17DC46E8 /* Pods-taxi-sharingTests.debug.xcconfig */ = {isa = PBXFileReference; includeInIndex = 1; lastKnownFileType = text.xcconfig; name = "Pods-taxi-sharingTests.debug.xcconfig"; path = "Target Support Files/Pods-taxi-sharingTests/Pods-taxi-sharingTests.debug.xcconfig"; sourceTree = "<group>"; };
		C2224F04B7F76EFD7A571BC4 /* Pods-taxi-sharingUITests.release.xcconfig */ = {isa = PBXFileReference; includeInIndex = 1; lastKnownFileType = text.xcconfig; name = "Pods-taxi-sharingUITests.release.xcconfig"; path = "Target Support Files/Pods-taxi-sharingUITests/Pods-taxi-sharingUITests.release.xcconfig"; sourceTree = "<group>"; };
		D58DD8C0433079FF64CB52AF /* Pods_taxi_sharing.framework */ = {isa = PBXFileReference; explicitFileType = wrapper.framework; includeInIndex = 0; path = Pods_taxi_sharing.framework; sourceTree = BUILT_PRODUCTS_DIR; };
		D880F07BD0258D9A382ACA28 /* Pods-taxi-sharingUITests.debug.xcconfig */ = {isa = PBXFileReference; includeInIndex = 1; lastKnownFileType = text.xcconfig; name = "Pods-taxi-sharingUITests.debug.xcconfig"; path = "Target Support Files/Pods-taxi-sharingUITests/Pods-taxi-sharingUITests.debug.xcconfig"; sourceTree = "<group>"; };
		F378257535CAEBEE0F8F9E4B /* Pods-taxi-sharing.release.xcconfig */ = {isa = PBXFileReference; includeInIndex = 1; lastKnownFileType = text.xcconfig; name = "Pods-taxi-sharing.release.xcconfig"; path = "Target Support Files/Pods-taxi-sharing/Pods-taxi-sharing.release.xcconfig"; sourceTree = "<group>"; };
/* End PBXFileReference section */

/* Begin PBXFrameworksBuildPhase section */
		640FA5D42212D66B00FE99E6 /* Frameworks */ = {
			isa = PBXFrameworksBuildPhase;
			buildActionMask = 2147483647;
			files = (
				64249C732233709000D258F8 /* KakaoOpenSDK.framework in Frameworks */,
				429632BADE9767F11D073222 /* Pods_taxi_sharing.framework in Frameworks */,
			);
			runOnlyForDeploymentPostprocessing = 0;
		};
		640FA5EA2212D66C00FE99E6 /* Frameworks */ = {
			isa = PBXFrameworksBuildPhase;
			buildActionMask = 2147483647;
			files = (
				1B8CAE119A781F2C4B007302 /* Pods_taxi_sharingTests.framework in Frameworks */,
			);
			runOnlyForDeploymentPostprocessing = 0;
		};
		640FA5F52212D66C00FE99E6 /* Frameworks */ = {
			isa = PBXFrameworksBuildPhase;
			buildActionMask = 2147483647;
			files = (
				C4D745E6FAEF6BA2903E6972 /* Pods_taxi_sharingUITests.framework in Frameworks */,
			);
			runOnlyForDeploymentPostprocessing = 0;
		};
/* End PBXFrameworksBuildPhase section */

/* Begin PBXGroup section */
		1409FB6258EA35934AAC2CA0 /* Pods */ = {
			isa = PBXGroup;
			children = (
				1D8F8CB4E1C569E49565EC73 /* Pods-taxi-sharing.debug.xcconfig */,
				F378257535CAEBEE0F8F9E4B /* Pods-taxi-sharing.release.xcconfig */,
				BF6CFBD6858E5D9A17DC46E8 /* Pods-taxi-sharingTests.debug.xcconfig */,
				8464819401C37FF01FEF2B66 /* Pods-taxi-sharingTests.release.xcconfig */,
				D880F07BD0258D9A382ACA28 /* Pods-taxi-sharingUITests.debug.xcconfig */,
				C2224F04B7F76EFD7A571BC4 /* Pods-taxi-sharingUITests.release.xcconfig */,
			);
			path = Pods;
			sourceTree = "<group>";
		};
		640FA5CE2212D66B00FE99E6 = {
			isa = PBXGroup;
			children = (
				640FA5D92212D66B00FE99E6 /* taxi-sharing */,
				640FA5F02212D66C00FE99E6 /* taxi-sharingTests */,
				640FA5FB2212D66C00FE99E6 /* taxi-sharingUITests */,
				640FA5D82212D66B00FE99E6 /* Products */,
				64249C712233709000D258F8 /* Frameworks */,
				1409FB6258EA35934AAC2CA0 /* Pods */,
			);
			sourceTree = "<group>";
		};
		640FA5D82212D66B00FE99E6 /* Products */ = {
			isa = PBXGroup;
			children = (
				640FA5D72212D66B00FE99E6 /* taxi-sharing.app */,
				640FA5ED2212D66C00FE99E6 /* taxi-sharingTests.xctest */,
				640FA5F82212D66C00FE99E6 /* taxi-sharingUITests.xctest */,
			);
			name = Products;
			sourceTree = "<group>";
		};
		640FA5D92212D66B00FE99E6 /* taxi-sharing */ = {
			isa = PBXGroup;
			children = (
				640FA5DA2212D66B00FE99E6 /* AppDelegate.swift */,
				645B22A7223E5E7800F90412 /* Utils.swift */,
				64CCDEC922446A4D002ECD04 /* FirestoreManager.swift */,
				64F5208D22428B3100FB0369 /* UserDistinguishViewController.swift */,
				645B2299223BCB7A00F90412 /* LoginViewController.swift */,
				648157CE224511CB008111EF /* AskGenderViewController.swift */,
				64E5BED32245E00500A07BA7 /* SetNicknameViewController.swift */,
				640FA5DC2212D66B00FE99E6 /* RoomListViewController.swift */,
				640FA5E02212D66B00FE99E6 /* Main.storyboard */,
				640FA5E32212D66C00FE99E6 /* Assets.xcassets */,
				640FA5E52212D66C00FE99E6 /* LaunchScreen.storyboard */,
				640FA5E82212D66C00FE99E6 /* Info.plist */,
				645B22A1223BD20900F90412 /* GoogleService-Info.plist */,
				64249C75223374CC00D258F8 /* KakaoOpenSDK-Bridging-Header.h */,
			);
			path = "taxi-sharing";
			sourceTree = "<group>";
		};
		640FA5F02212D66C00FE99E6 /* taxi-sharingTests */ = {
			isa = PBXGroup;
			children = (
				640FA5F12212D66C00FE99E6 /* taxi_sharingTests.swift */,
				640FA5F32212D66C00FE99E6 /* Info.plist */,
			);
			path = "taxi-sharingTests";
			sourceTree = "<group>";
		};
		640FA5FB2212D66C00FE99E6 /* taxi-sharingUITests */ = {
			isa = PBXGroup;
			children = (
				640FA5FC2212D66C00FE99E6 /* taxi_sharingUITests.swift */,
				640FA5FE2212D66C00FE99E6 /* Info.plist */,
			);
			path = "taxi-sharingUITests";
			sourceTree = "<group>";
		};
		64249C712233709000D258F8 /* Frameworks */ = {
			isa = PBXGroup;
			children = (
				64249C722233709000D258F8 /* KakaoOpenSDK.framework */,
				D58DD8C0433079FF64CB52AF /* Pods_taxi_sharing.framework */,
				B1920934CDA32386E036AEF8 /* Pods_taxi_sharingTests.framework */,
				8F24BAB8AC7CA8436E8A523E /* Pods_taxi_sharingUITests.framework */,
			);
			name = Frameworks;
			sourceTree = "<group>";
		};
/* End PBXGroup section */

/* Begin PBXNativeTarget section */
		640FA5D62212D66B00FE99E6 /* taxi-sharing */ = {
			isa = PBXNativeTarget;
			buildConfigurationList = 640FA6012212D66C00FE99E6 /* Build configuration list for PBXNativeTarget "taxi-sharing" */;
			buildPhases = (
				551E516414EB117AA491858B /* [CP] Check Pods Manifest.lock */,
				640FA5D32212D66B00FE99E6 /* Sources */,
				640FA5D42212D66B00FE99E6 /* Frameworks */,
				640FA5D52212D66B00FE99E6 /* Resources */,
				AC37D9FDEEEE6B7A75E37D7E /* [CP] Embed Pods Frameworks */,
			);
			buildRules = (
			);
			dependencies = (
			);
			name = "taxi-sharing";
			productName = "taxi-sharing";
			productReference = 640FA5D72212D66B00FE99E6 /* taxi-sharing.app */;
			productType = "com.apple.product-type.application";
		};
		640FA5EC2212D66C00FE99E6 /* taxi-sharingTests */ = {
			isa = PBXNativeTarget;
			buildConfigurationList = 640FA6042212D66C00FE99E6 /* Build configuration list for PBXNativeTarget "taxi-sharingTests" */;
			buildPhases = (
				860838C25E5C73BBC6C12525 /* [CP] Check Pods Manifest.lock */,
				640FA5E92212D66C00FE99E6 /* Sources */,
				640FA5EA2212D66C00FE99E6 /* Frameworks */,
				640FA5EB2212D66C00FE99E6 /* Resources */,
			);
			buildRules = (
			);
			dependencies = (
				640FA5EF2212D66C00FE99E6 /* PBXTargetDependency */,
			);
			name = "taxi-sharingTests";
			productName = "taxi-sharingTests";
			productReference = 640FA5ED2212D66C00FE99E6 /* taxi-sharingTests.xctest */;
			productType = "com.apple.product-type.bundle.unit-test";
		};
		640FA5F72212D66C00FE99E6 /* taxi-sharingUITests */ = {
			isa = PBXNativeTarget;
			buildConfigurationList = 640FA6072212D66C00FE99E6 /* Build configuration list for PBXNativeTarget "taxi-sharingUITests" */;
			buildPhases = (
				214B5CEFE4D14961F382EC22 /* [CP] Check Pods Manifest.lock */,
				640FA5F42212D66C00FE99E6 /* Sources */,
				640FA5F52212D66C00FE99E6 /* Frameworks */,
				640FA5F62212D66C00FE99E6 /* Resources */,
			);
			buildRules = (
			);
			dependencies = (
				640FA5FA2212D66C00FE99E6 /* PBXTargetDependency */,
			);
			name = "taxi-sharingUITests";
			productName = "taxi-sharingUITests";
			productReference = 640FA5F82212D66C00FE99E6 /* taxi-sharingUITests.xctest */;
			productType = "com.apple.product-type.bundle.ui-testing";
		};
/* End PBXNativeTarget section */

/* Begin PBXProject section */
		640FA5CF2212D66B00FE99E6 /* Project object */ = {
			isa = PBXProject;
			attributes = {
				LastSwiftUpdateCheck = 1010;
				LastUpgradeCheck = 1010;
				ORGANIZATIONNAME = CroonSSS;
				TargetAttributes = {
					640FA5D62212D66B00FE99E6 = {
						CreatedOnToolsVersion = 10.1;
					};
					640FA5EC2212D66C00FE99E6 = {
						CreatedOnToolsVersion = 10.1;
						TestTargetID = 640FA5D62212D66B00FE99E6;
					};
					640FA5F72212D66C00FE99E6 = {
						CreatedOnToolsVersion = 10.1;
						TestTargetID = 640FA5D62212D66B00FE99E6;
					};
				};
			};
			buildConfigurationList = 640FA5D22212D66B00FE99E6 /* Build configuration list for PBXProject "taxi-sharing" */;
			compatibilityVersion = "Xcode 9.3";
			developmentRegion = en;
			hasScannedForEncodings = 0;
			knownRegions = (
				en,
				Base,
			);
			mainGroup = 640FA5CE2212D66B00FE99E6;
			productRefGroup = 640FA5D82212D66B00FE99E6 /* Products */;
			projectDirPath = "";
			projectRoot = "";
			targets = (
				640FA5D62212D66B00FE99E6 /* taxi-sharing */,
				640FA5EC2212D66C00FE99E6 /* taxi-sharingTests */,
				640FA5F72212D66C00FE99E6 /* taxi-sharingUITests */,
			);
		};
/* End PBXProject section */

/* Begin PBXResourcesBuildPhase section */
		640FA5D52212D66B00FE99E6 /* Resources */ = {
			isa = PBXResourcesBuildPhase;
			buildActionMask = 2147483647;
			files = (
				640FA5E72212D66C00FE99E6 /* LaunchScreen.storyboard in Resources */,
				645B22A2223BD20900F90412 /* GoogleService-Info.plist in Resources */,
				640FA5E42212D66C00FE99E6 /* Assets.xcassets in Resources */,
				640FA5E22212D66B00FE99E6 /* Main.storyboard in Resources */,
			);
			runOnlyForDeploymentPostprocessing = 0;
		};
		640FA5EB2212D66C00FE99E6 /* Resources */ = {
			isa = PBXResourcesBuildPhase;
			buildActionMask = 2147483647;
			files = (
				645B22A3223BD20900F90412 /* GoogleService-Info.plist in Resources */,
			);
			runOnlyForDeploymentPostprocessing = 0;
		};
		640FA5F62212D66C00FE99E6 /* Resources */ = {
			isa = PBXResourcesBuildPhase;
			buildActionMask = 2147483647;
			files = (
				645B22A4223BD20900F90412 /* GoogleService-Info.plist in Resources */,
			);
			runOnlyForDeploymentPostprocessing = 0;
		};
/* End PBXResourcesBuildPhase section */

/* Begin PBXShellScriptBuildPhase section */
		214B5CEFE4D14961F382EC22 /* [CP] Check Pods Manifest.lock */ = {
			isa = PBXShellScriptBuildPhase;
			buildActionMask = 2147483647;
			files = (
			);
			inputFileListPaths = (
			);
			inputPaths = (
				"${PODS_PODFILE_DIR_PATH}/Podfile.lock",
				"${PODS_ROOT}/Manifest.lock",
			);
			name = "[CP] Check Pods Manifest.lock";
			outputFileListPaths = (
			);
			outputPaths = (
				"$(DERIVED_FILE_DIR)/Pods-taxi-sharingUITests-checkManifestLockResult.txt",
			);
			runOnlyForDeploymentPostprocessing = 0;
			shellPath = /bin/sh;
			shellScript = "diff \"${PODS_PODFILE_DIR_PATH}/Podfile.lock\" \"${PODS_ROOT}/Manifest.lock\" > /dev/null\nif [ $? != 0 ] ; then\n    # print error to STDERR\n    echo \"error: The sandbox is not in sync with the Podfile.lock. Run 'pod install' or update your CocoaPods installation.\" >&2\n    exit 1\nfi\n# This output is used by Xcode 'outputs' to avoid re-running this script phase.\necho \"SUCCESS\" > \"${SCRIPT_OUTPUT_FILE_0}\"\n";
			showEnvVarsInLog = 0;
		};
		551E516414EB117AA491858B /* [CP] Check Pods Manifest.lock */ = {
			isa = PBXShellScriptBuildPhase;
			buildActionMask = 2147483647;
			files = (
			);
			inputFileListPaths = (
			);
			inputPaths = (
				"${PODS_PODFILE_DIR_PATH}/Podfile.lock",
				"${PODS_ROOT}/Manifest.lock",
			);
			name = "[CP] Check Pods Manifest.lock";
			outputFileListPaths = (
			);
			outputPaths = (
				"$(DERIVED_FILE_DIR)/Pods-taxi-sharing-checkManifestLockResult.txt",
			);
			runOnlyForDeploymentPostprocessing = 0;
			shellPath = /bin/sh;
			shellScript = "diff \"${PODS_PODFILE_DIR_PATH}/Podfile.lock\" \"${PODS_ROOT}/Manifest.lock\" > /dev/null\nif [ $? != 0 ] ; then\n    # print error to STDERR\n    echo \"error: The sandbox is not in sync with the Podfile.lock. Run 'pod install' or update your CocoaPods installation.\" >&2\n    exit 1\nfi\n# This output is used by Xcode 'outputs' to avoid re-running this script phase.\necho \"SUCCESS\" > \"${SCRIPT_OUTPUT_FILE_0}\"\n";
			showEnvVarsInLog = 0;
		};
		860838C25E5C73BBC6C12525 /* [CP] Check Pods Manifest.lock */ = {
			isa = PBXShellScriptBuildPhase;
			buildActionMask = 2147483647;
			files = (
			);
			inputFileListPaths = (
			);
			inputPaths = (
				"${PODS_PODFILE_DIR_PATH}/Podfile.lock",
				"${PODS_ROOT}/Manifest.lock",
			);
			name = "[CP] Check Pods Manifest.lock";
			outputFileListPaths = (
			);
			outputPaths = (
				"$(DERIVED_FILE_DIR)/Pods-taxi-sharingTests-checkManifestLockResult.txt",
			);
			runOnlyForDeploymentPostprocessing = 0;
			shellPath = /bin/sh;
			shellScript = "diff \"${PODS_PODFILE_DIR_PATH}/Podfile.lock\" \"${PODS_ROOT}/Manifest.lock\" > /dev/null\nif [ $? != 0 ] ; then\n    # print error to STDERR\n    echo \"error: The sandbox is not in sync with the Podfile.lock. Run 'pod install' or update your CocoaPods installation.\" >&2\n    exit 1\nfi\n# This output is used by Xcode 'outputs' to avoid re-running this script phase.\necho \"SUCCESS\" > \"${SCRIPT_OUTPUT_FILE_0}\"\n";
			showEnvVarsInLog = 0;
		};
		AC37D9FDEEEE6B7A75E37D7E /* [CP] Embed Pods Frameworks */ = {
			isa = PBXShellScriptBuildPhase;
			buildActionMask = 2147483647;
			files = (
			);
			inputFileListPaths = (
			);
			inputPaths = (
				"${PODS_ROOT}/Target Support Files/Pods-taxi-sharing/Pods-taxi-sharing-frameworks.sh",
				"${BUILT_PRODUCTS_DIR}/BoringSSL-GRPC/openssl_grpc.framework",
				"${BUILT_PRODUCTS_DIR}/GTMSessionFetcher/GTMSessionFetcher.framework",
				"${BUILT_PRODUCTS_DIR}/GoogleUtilities/GoogleUtilities.framework",
				"${BUILT_PRODUCTS_DIR}/IQKeyboardManagerSwift/IQKeyboardManagerSwift.framework",
				"${BUILT_PRODUCTS_DIR}/Protobuf/Protobuf.framework",
				"${BUILT_PRODUCTS_DIR}/gRPC-C++/grpcpp.framework",
				"${BUILT_PRODUCTS_DIR}/gRPC-Core/grpc.framework",
				"${BUILT_PRODUCTS_DIR}/leveldb-library/leveldb.framework",
				"${BUILT_PRODUCTS_DIR}/nanopb/nanopb.framework",
			);
			name = "[CP] Embed Pods Frameworks";
			outputFileListPaths = (
			);
			outputPaths = (
				"${TARGET_BUILD_DIR}/${FRAMEWORKS_FOLDER_PATH}/openssl_grpc.framework",
				"${TARGET_BUILD_DIR}/${FRAMEWORKS_FOLDER_PATH}/GTMSessionFetcher.framework",
				"${TARGET_BUILD_DIR}/${FRAMEWORKS_FOLDER_PATH}/GoogleUtilities.framework",
				"${TARGET_BUILD_DIR}/${FRAMEWORKS_FOLDER_PATH}/IQKeyboardManagerSwift.framework",
				"${TARGET_BUILD_DIR}/${FRAMEWORKS_FOLDER_PATH}/Protobuf.framework",
				"${TARGET_BUILD_DIR}/${FRAMEWORKS_FOLDER_PATH}/grpcpp.framework",
				"${TARGET_BUILD_DIR}/${FRAMEWORKS_FOLDER_PATH}/grpc.framework",
				"${TARGET_BUILD_DIR}/${FRAMEWORKS_FOLDER_PATH}/leveldb.framework",
				"${TARGET_BUILD_DIR}/${FRAMEWORKS_FOLDER_PATH}/nanopb.framework",
			);
			runOnlyForDeploymentPostprocessing = 0;
			shellPath = /bin/sh;
			shellScript = "\"${PODS_ROOT}/Target Support Files/Pods-taxi-sharing/Pods-taxi-sharing-frameworks.sh\"\n";
			showEnvVarsInLog = 0;
		};
/* End PBXShellScriptBuildPhase section */

/* Begin PBXSourcesBuildPhase section */
		640FA5D32212D66B00FE99E6 /* Sources */ = {
			isa = PBXSourcesBuildPhase;
			buildActionMask = 2147483647;
			files = (
				645B22A8223E5E7800F90412 /* Utils.swift in Sources */,
				64CCDECA22446A4D002ECD04 /* FirestoreManager.swift in Sources */,
				645B229A223BCB7A00F90412 /* LoginViewController.swift in Sources */,
				64E5BED42245E00500A07BA7 /* SetNicknameViewController.swift in Sources */,
				648157CF224511CB008111EF /* AskGenderViewController.swift in Sources */,
				640FA5DB2212D66B00FE99E6 /* AppDelegate.swift in Sources */,
				64F5208E22428B3100FB0369 /* UserDistinguishViewController.swift in Sources */,
				640FA5DD2212D66B00FE99E6 /* RoomListViewController.swift in Sources */,
			);
			runOnlyForDeploymentPostprocessing = 0;
		};
		640FA5E92212D66C00FE99E6 /* Sources */ = {
			isa = PBXSourcesBuildPhase;
			buildActionMask = 2147483647;
			files = (
				640FA5F22212D66C00FE99E6 /* taxi_sharingTests.swift in Sources */,
			);
			runOnlyForDeploymentPostprocessing = 0;
		};
		640FA5F42212D66C00FE99E6 /* Sources */ = {
			isa = PBXSourcesBuildPhase;
			buildActionMask = 2147483647;
			files = (
				640FA5FD2212D66C00FE99E6 /* taxi_sharingUITests.swift in Sources */,
			);
			runOnlyForDeploymentPostprocessing = 0;
		};
/* End PBXSourcesBuildPhase section */

/* Begin PBXTargetDependency section */
		640FA5EF2212D66C00FE99E6 /* PBXTargetDependency */ = {
			isa = PBXTargetDependency;
			target = 640FA5D62212D66B00FE99E6 /* taxi-sharing */;
			targetProxy = 640FA5EE2212D66C00FE99E6 /* PBXContainerItemProxy */;
		};
		640FA5FA2212D66C00FE99E6 /* PBXTargetDependency */ = {
			isa = PBXTargetDependency;
			target = 640FA5D62212D66B00FE99E6 /* taxi-sharing */;
			targetProxy = 640FA5F92212D66C00FE99E6 /* PBXContainerItemProxy */;
		};
/* End PBXTargetDependency section */

/* Begin PBXVariantGroup section */
		640FA5E02212D66B00FE99E6 /* Main.storyboard */ = {
			isa = PBXVariantGroup;
			children = (
				640FA5E12212D66B00FE99E6 /* Base */,
			);
			name = Main.storyboard;
			sourceTree = "<group>";
		};
		640FA5E52212D66C00FE99E6 /* LaunchScreen.storyboard */ = {
			isa = PBXVariantGroup;
			children = (
				640FA5E62212D66C00FE99E6 /* Base */,
			);
			name = LaunchScreen.storyboard;
			sourceTree = "<group>";
		};
/* End PBXVariantGroup section */

/* Begin XCBuildConfiguration section */
		640FA5FF2212D66C00FE99E6 /* Debug */ = {
			isa = XCBuildConfiguration;
			buildSettings = {
				ALWAYS_SEARCH_USER_PATHS = NO;
				CLANG_ANALYZER_NONNULL = YES;
				CLANG_ANALYZER_NUMBER_OBJECT_CONVERSION = YES_AGGRESSIVE;
				CLANG_CXX_LANGUAGE_STANDARD = "gnu++14";
				CLANG_CXX_LIBRARY = "libc++";
				CLANG_ENABLE_MODULES = YES;
				CLANG_ENABLE_OBJC_ARC = YES;
				CLANG_ENABLE_OBJC_WEAK = YES;
				CLANG_WARN_BLOCK_CAPTURE_AUTORELEASING = YES;
				CLANG_WARN_BOOL_CONVERSION = YES;
				CLANG_WARN_COMMA = YES;
				CLANG_WARN_CONSTANT_CONVERSION = YES;
				CLANG_WARN_DEPRECATED_OBJC_IMPLEMENTATIONS = YES;
				CLANG_WARN_DIRECT_OBJC_ISA_USAGE = YES_ERROR;
				CLANG_WARN_DOCUMENTATION_COMMENTS = YES;
				CLANG_WARN_EMPTY_BODY = YES;
				CLANG_WARN_ENUM_CONVERSION = YES;
				CLANG_WARN_INFINITE_RECURSION = YES;
				CLANG_WARN_INT_CONVERSION = YES;
				CLANG_WARN_NON_LITERAL_NULL_CONVERSION = YES;
				CLANG_WARN_OBJC_IMPLICIT_RETAIN_SELF = YES;
				CLANG_WARN_OBJC_LITERAL_CONVERSION = YES;
				CLANG_WARN_OBJC_ROOT_CLASS = YES_ERROR;
				CLANG_WARN_RANGE_LOOP_ANALYSIS = YES;
				CLANG_WARN_STRICT_PROTOTYPES = YES;
				CLANG_WARN_SUSPICIOUS_MOVE = YES;
				CLANG_WARN_UNGUARDED_AVAILABILITY = YES_AGGRESSIVE;
				CLANG_WARN_UNREACHABLE_CODE = YES;
				CLANG_WARN__DUPLICATE_METHOD_MATCH = YES;
				CODE_SIGN_IDENTITY = "iPhone Developer";
				COPY_PHASE_STRIP = NO;
				DEBUG_INFORMATION_FORMAT = dwarf;
				ENABLE_STRICT_OBJC_MSGSEND = YES;
				ENABLE_TESTABILITY = YES;
				GCC_C_LANGUAGE_STANDARD = gnu11;
				GCC_DYNAMIC_NO_PIC = NO;
				GCC_NO_COMMON_BLOCKS = YES;
				GCC_OPTIMIZATION_LEVEL = 0;
				GCC_PREPROCESSOR_DEFINITIONS = (
					"DEBUG=1",
					"$(inherited)",
				);
				GCC_WARN_64_TO_32_BIT_CONVERSION = YES;
				GCC_WARN_ABOUT_RETURN_TYPE = YES_ERROR;
				GCC_WARN_UNDECLARED_SELECTOR = YES;
				GCC_WARN_UNINITIALIZED_AUTOS = YES_AGGRESSIVE;
				GCC_WARN_UNUSED_FUNCTION = YES;
				GCC_WARN_UNUSED_VARIABLE = YES;
				IPHONEOS_DEPLOYMENT_TARGET = 12.1;
				MTL_ENABLE_DEBUG_INFO = INCLUDE_SOURCE;
				MTL_FAST_MATH = YES;
				ONLY_ACTIVE_ARCH = YES;
				SDKROOT = iphoneos;
				SWIFT_ACTIVE_COMPILATION_CONDITIONS = DEBUG;
				SWIFT_OPTIMIZATION_LEVEL = "-Onone";
			};
			name = Debug;
		};
		640FA6002212D66C00FE99E6 /* Release */ = {
			isa = XCBuildConfiguration;
			buildSettings = {
				ALWAYS_SEARCH_USER_PATHS = NO;
				CLANG_ANALYZER_NONNULL = YES;
				CLANG_ANALYZER_NUMBER_OBJECT_CONVERSION = YES_AGGRESSIVE;
				CLANG_CXX_LANGUAGE_STANDARD = "gnu++14";
				CLANG_CXX_LIBRARY = "libc++";
				CLANG_ENABLE_MODULES = YES;
				CLANG_ENABLE_OBJC_ARC = YES;
				CLANG_ENABLE_OBJC_WEAK = YES;
				CLANG_WARN_BLOCK_CAPTURE_AUTORELEASING = YES;
				CLANG_WARN_BOOL_CONVERSION = YES;
				CLANG_WARN_COMMA = YES;
				CLANG_WARN_CONSTANT_CONVERSION = YES;
				CLANG_WARN_DEPRECATED_OBJC_IMPLEMENTATIONS = YES;
				CLANG_WARN_DIRECT_OBJC_ISA_USAGE = YES_ERROR;
				CLANG_WARN_DOCUMENTATION_COMMENTS = YES;
				CLANG_WARN_EMPTY_BODY = YES;
				CLANG_WARN_ENUM_CONVERSION = YES;
				CLANG_WARN_INFINITE_RECURSION = YES;
				CLANG_WARN_INT_CONVERSION = YES;
				CLANG_WARN_NON_LITERAL_NULL_CONVERSION = YES;
				CLANG_WARN_OBJC_IMPLICIT_RETAIN_SELF = YES;
				CLANG_WARN_OBJC_LITERAL_CONVERSION = YES;
				CLANG_WARN_OBJC_ROOT_CLASS = YES_ERROR;
				CLANG_WARN_RANGE_LOOP_ANALYSIS = YES;
				CLANG_WARN_STRICT_PROTOTYPES = YES;
				CLANG_WARN_SUSPICIOUS_MOVE = YES;
				CLANG_WARN_UNGUARDED_AVAILABILITY = YES_AGGRESSIVE;
				CLANG_WARN_UNREACHABLE_CODE = YES;
				CLANG_WARN__DUPLICATE_METHOD_MATCH = YES;
				CODE_SIGN_IDENTITY = "iPhone Developer";
				COPY_PHASE_STRIP = NO;
				DEBUG_INFORMATION_FORMAT = "dwarf-with-dsym";
				ENABLE_NS_ASSERTIONS = NO;
				ENABLE_STRICT_OBJC_MSGSEND = YES;
				GCC_C_LANGUAGE_STANDARD = gnu11;
				GCC_NO_COMMON_BLOCKS = YES;
				GCC_WARN_64_TO_32_BIT_CONVERSION = YES;
				GCC_WARN_ABOUT_RETURN_TYPE = YES_ERROR;
				GCC_WARN_UNDECLARED_SELECTOR = YES;
				GCC_WARN_UNINITIALIZED_AUTOS = YES_AGGRESSIVE;
				GCC_WARN_UNUSED_FUNCTION = YES;
				GCC_WARN_UNUSED_VARIABLE = YES;
				IPHONEOS_DEPLOYMENT_TARGET = 12.1;
				MTL_ENABLE_DEBUG_INFO = NO;
				MTL_FAST_MATH = YES;
				SDKROOT = iphoneos;
				SWIFT_COMPILATION_MODE = wholemodule;
				SWIFT_OPTIMIZATION_LEVEL = "-O";
				VALIDATE_PRODUCT = YES;
			};
			name = Release;
		};
		640FA6022212D66C00FE99E6 /* Debug */ = {
			isa = XCBuildConfiguration;
			baseConfigurationReference = 1D8F8CB4E1C569E49565EC73 /* Pods-taxi-sharing.debug.xcconfig */;
			buildSettings = {
				ASSETCATALOG_COMPILER_APPICON_NAME = AppIcon;
				CLANG_X86_VECTOR_INSTRUCTIONS = default;
				CODE_SIGN_STYLE = Automatic;
				DEVELOPMENT_TEAM = L2N87R6R74;
				FRAMEWORK_SEARCH_PATHS = (
					"$(inherited)",
					"$(PROJECT_DIR)/kakao-ios-sdk-1.11.2",
				);
				INFOPLIST_FILE = "taxi-sharing/Info.plist";
				IPHONEOS_DEPLOYMENT_TARGET = 12.1;
				LD_RUNPATH_SEARCH_PATHS = (
					"$(inherited)",
					"@executable_path/Frameworks",
				);
				OTHER_LDFLAGS = (
					"$(inherited)",
					"-all_load",
				);
				PRODUCT_BUNDLE_IDENTIFIER = "wafflestudio.taxi-sharing";
				PRODUCT_NAME = "$(TARGET_NAME)";
				SWIFT_OBJC_BRIDGING_HEADER = "taxi-sharing/KakaoOpenSDK-Bridging-Header.h";
				SWIFT_VERSION = 4.2;
				TARGETED_DEVICE_FAMILY = "1,2";
			};
			name = Debug;
		};
		640FA6032212D66C00FE99E6 /* Release */ = {
			isa = XCBuildConfiguration;
			baseConfigurationReference = F378257535CAEBEE0F8F9E4B /* Pods-taxi-sharing.release.xcconfig */;
			buildSettings = {
				ASSETCATALOG_COMPILER_APPICON_NAME = AppIcon;
				CLANG_X86_VECTOR_INSTRUCTIONS = default;
				CODE_SIGN_STYLE = Automatic;
				DEVELOPMENT_TEAM = L2N87R6R74;
				FRAMEWORK_SEARCH_PATHS = (
					"$(inherited)",
					"$(PROJECT_DIR)/kakao-ios-sdk-1.11.2",
				);
				INFOPLIST_FILE = "taxi-sharing/Info.plist";
				IPHONEOS_DEPLOYMENT_TARGET = 12.1;
				LD_RUNPATH_SEARCH_PATHS = (
					"$(inherited)",
					"@executable_path/Frameworks",
				);
				OTHER_LDFLAGS = (
					"$(inherited)",
					"-all_load",
				);
				PRODUCT_BUNDLE_IDENTIFIER = "wafflestudio.taxi-sharing";
				PRODUCT_NAME = "$(TARGET_NAME)";
				SWIFT_OBJC_BRIDGING_HEADER = "taxi-sharing/KakaoOpenSDK-Bridging-Header.h";
				SWIFT_VERSION = 4.2;
				TARGETED_DEVICE_FAMILY = "1,2";
			};
			name = Release;
		};
		640FA6052212D66C00FE99E6 /* Debug */ = {
			isa = XCBuildConfiguration;
			baseConfigurationReference = BF6CFBD6858E5D9A17DC46E8 /* Pods-taxi-sharingTests.debug.xcconfig */;
			buildSettings = {
				ALWAYS_EMBED_SWIFT_STANDARD_LIBRARIES = YES;
				BUNDLE_LOADER = "$(TEST_HOST)";
				CODE_SIGN_STYLE = Automatic;
				DEVELOPMENT_TEAM = L2N87R6R74;
				INFOPLIST_FILE = "taxi-sharingTests/Info.plist";
				LD_RUNPATH_SEARCH_PATHS = (
					"$(inherited)",
					"@executable_path/Frameworks",
					"@loader_path/Frameworks",
				);
				PRODUCT_BUNDLE_IDENTIFIER = "Croon.taxi-sharingTests";
				PRODUCT_NAME = "$(TARGET_NAME)";
				SWIFT_VERSION = 4.2;
				TARGETED_DEVICE_FAMILY = "1,2";
				TEST_HOST = "$(BUILT_PRODUCTS_DIR)/taxi-sharing.app/taxi-sharing";
			};
			name = Debug;
		};
		640FA6062212D66C00FE99E6 /* Release */ = {
			isa = XCBuildConfiguration;
			baseConfigurationReference = 8464819401C37FF01FEF2B66 /* Pods-taxi-sharingTests.release.xcconfig */;
			buildSettings = {
				ALWAYS_EMBED_SWIFT_STANDARD_LIBRARIES = YES;
				BUNDLE_LOADER = "$(TEST_HOST)";
				CODE_SIGN_STYLE = Automatic;
				DEVELOPMENT_TEAM = L2N87R6R74;
				INFOPLIST_FILE = "taxi-sharingTests/Info.plist";
				LD_RUNPATH_SEARCH_PATHS = (
					"$(inherited)",
					"@executable_path/Frameworks",
					"@loader_path/Frameworks",
				);
				PRODUCT_BUNDLE_IDENTIFIER = "Croon.taxi-sharingTests";
				PRODUCT_NAME = "$(TARGET_NAME)";
				SWIFT_VERSION = 4.2;
				TARGETED_DEVICE_FAMILY = "1,2";
				TEST_HOST = "$(BUILT_PRODUCTS_DIR)/taxi-sharing.app/taxi-sharing";
			};
			name = Release;
		};
		640FA6082212D66C00FE99E6 /* Debug */ = {
			isa = XCBuildConfiguration;
			baseConfigurationReference = D880F07BD0258D9A382ACA28 /* Pods-taxi-sharingUITests.debug.xcconfig */;
			buildSettings = {
				ALWAYS_EMBED_SWIFT_STANDARD_LIBRARIES = YES;
				CODE_SIGN_STYLE = Automatic;
				DEVELOPMENT_TEAM = L2N87R6R74;
				INFOPLIST_FILE = "taxi-sharingUITests/Info.plist";
				LD_RUNPATH_SEARCH_PATHS = (
					"$(inherited)",
					"@executable_path/Frameworks",
					"@loader_path/Frameworks",
				);
				PRODUCT_BUNDLE_IDENTIFIER = "Croon.taxi-sharingUITests";
				PRODUCT_NAME = "$(TARGET_NAME)";
				SWIFT_VERSION = 4.2;
				TARGETED_DEVICE_FAMILY = "1,2";
				TEST_TARGET_NAME = "taxi-sharing";
			};
			name = Debug;
		};
		640FA6092212D66C00FE99E6 /* Release */ = {
			isa = XCBuildConfiguration;
			baseConfigurationReference = C2224F04B7F76EFD7A571BC4 /* Pods-taxi-sharingUITests.release.xcconfig */;
			buildSettings = {
				ALWAYS_EMBED_SWIFT_STANDARD_LIBRARIES = YES;
				CODE_SIGN_STYLE = Automatic;
				DEVELOPMENT_TEAM = L2N87R6R74;
				INFOPLIST_FILE = "taxi-sharingUITests/Info.plist";
				LD_RUNPATH_SEARCH_PATHS = (
					"$(inherited)",
					"@executable_path/Frameworks",
					"@loader_path/Frameworks",
				);
				PRODUCT_BUNDLE_IDENTIFIER = "Croon.taxi-sharingUITests";
				PRODUCT_NAME = "$(TARGET_NAME)";
				SWIFT_VERSION = 4.2;
				TARGETED_DEVICE_FAMILY = "1,2";
				TEST_TARGET_NAME = "taxi-sharing";
			};
			name = Release;
		};
/* End XCBuildConfiguration section */

/* Begin XCConfigurationList section */
		640FA5D22212D66B00FE99E6 /* Build configuration list for PBXProject "taxi-sharing" */ = {
			isa = XCConfigurationList;
			buildConfigurations = (
				640FA5FF2212D66C00FE99E6 /* Debug */,
				640FA6002212D66C00FE99E6 /* Release */,
			);
			defaultConfigurationIsVisible = 0;
			defaultConfigurationName = Release;
		};
		640FA6012212D66C00FE99E6 /* Build configuration list for PBXNativeTarget "taxi-sharing" */ = {
			isa = XCConfigurationList;
			buildConfigurations = (
				640FA6022212D66C00FE99E6 /* Debug */,
				640FA6032212D66C00FE99E6 /* Release */,
			);
			defaultConfigurationIsVisible = 0;
			defaultConfigurationName = Release;
		};
		640FA6042212D66C00FE99E6 /* Build configuration list for PBXNativeTarget "taxi-sharingTests" */ = {
			isa = XCConfigurationList;
			buildConfigurations = (
				640FA6052212D66C00FE99E6 /* Debug */,
				640FA6062212D66C00FE99E6 /* Release */,
			);
			defaultConfigurationIsVisible = 0;
			defaultConfigurationName = Release;
		};
		640FA6072212D66C00FE99E6 /* Build configuration list for PBXNativeTarget "taxi-sharingUITests" */ = {
			isa = XCConfigurationList;
			buildConfigurations = (
				640FA6082212D66C00FE99E6 /* Debug */,
				640FA6092212D66C00FE99E6 /* Release */,
			);
			defaultConfigurationIsVisible = 0;
			defaultConfigurationName = Release;
		};
/* End XCConfigurationList section */
	};
	rootObject = 640FA5CF2212D66B00FE99E6 /* Project object */;
}
